
Microsoft Visual Studio Solution File, Format Version 12.00
# Visual Studio Version 18
VisualStudioVersion = 18.0.11205.157 d18.0
MinimumVisualStudioVersion = 10.0.40219.1
Project("{FAE04EC0-301F-11D3-BF4B-00C04F79EFBC}") = "Banco", "Banco.csproj", "{74B689BE-D3C0-4BCD-870A-285EC05019EC}"
EndProject
Project("{FAE04EC0-301F-11D3-BF4B-00C04F79EFBC}") = "UnitTestBanco", "..\UnitTestBanco\UnitTestBanco.csproj", "{8195DFA3-D465-4424-9973-19A5920CCA0F}"
EndProject
Global
	GlobalSection(SolutionConfigurationPlatforms) = preSolution
		Debug|Any CPU = Debug|Any CPU
		Release|Any CPU = Release|Any CPU
	EndGlobalSection
	GlobalSection(ProjectConfigurationPlatforms) = postSolution
		{74B689BE-D3C0-4BCD-870A-285EC05019EC}.Debug|Any CPU.ActiveCfg = Debug|Any CPU
		{74B689BE-D3C0-4BCD-870A-285EC05019EC}.Debug|Any CPU.Build.0 = Debug|Any CPU
		{74B689BE-D3C0-4BCD-870A-285EC05019EC}.Release|Any CPU.ActiveCfg = Release|Any CPU
		{74B689BE-D3C0-4BCD-870A-285EC05019EC}.Release|Any CPU.Build.0 = Release|Any CPU
		{8195DFA3-D465-4424-9973-19A5920CCA0F}.Debug|Any CPU.ActiveCfg = Debug|Any CPU
		{8195DFA3-D465-4424-9973-19A5920CCA0F}.Debug|Any CPU.Build.0 = Debug|Any CPU
		{8195DFA3-D465-4424-9973-19A5920CCA0F}.Release|Any CPU.ActiveCfg = Release|Any CPU
		{8195DFA3-D465-4424-9973-19A5920CCA0F}.Release|Any CPU.Build.0 = Release|Any CPU
	EndGlobalSection
	GlobalSection(SolutionProperties) = preSolution
		HideSolutionNode = FALSE
	EndGlobalSection
	GlobalSection(ExtensibilityGlobals) = postSolution
		SolutionGuid = {53D5066B-56B3-42ED-BA37-875BE1ADA652}
	EndGlobalSection
EndGlobal
